
Microsoft Visual Studio Solution File, Format Version 12.00
# Visual Studio Version 16
VisualStudioVersion = 16.0.30503.244
MinimumVisualStudioVersion = 10.0.40219.1
Project("{FAE04EC0-301F-11D3-BF4B-00C04F79EFBC}") = "Route-Yapısı", "Route-Yapısı\Route-Yapısı.csproj", "{56051226-AFDA-4C10-A67D-BFC58F38B52B}"
EndProject
Global
	GlobalSection(SolutionConfigurationPlatforms) = preSolution
		Debug|Any CPU = Debug|Any CPU
		Release|Any CPU = Release|Any CPU
	EndGlobalSection
	GlobalSection(ProjectConfigurationPlatforms) = postSolution
		{56051226-AFDA-4C10-A67D-BFC58F38B52B}.Debug|Any CPU.ActiveCfg = Debug|Any CPU
		{56051226-AFDA-4C10-A67D-BFC58F38B52B}.Debug|Any CPU.Build.0 = Debug|Any CPU
		{56051226-AFDA-4C10-A67D-BFC58F38B52B}.Release|Any CPU.ActiveCfg = Release|Any CPU
		{56051226-AFDA-4C10-A67D-BFC58F38B52B}.Release|Any CPU.Build.0 = Release|Any CPU
	EndGlobalSection
	GlobalSection(SolutionProperties) = preSolution
		HideSolutionNode = FALSE
	EndGlobalSection
	GlobalSection(ExtensibilityGlobals) = postSolution
		SolutionGuid = {A61A7955-6214-48DD-938F-683308D1F196}
	EndGlobalSection
EndGlobal
